// !$*UTF8*$!
{
	archiveVersion = 1;
	classes = {
	};
	objectVersion = 50;
	objects = {

/* Begin PBXBuildFile section */
		BB0A55E72524C211006E21E9 /* AppDelegate.swift in Sources */ = {isa = PBXBuildFile; fileRef = BB0A55E62524C211006E21E9 /* AppDelegate.swift */; };
		BB0A55E92524C211006E21E9 /* ViewController.swift in Sources */ = {isa = PBXBuildFile; fileRef = BB0A55E82524C211006E21E9 /* ViewController.swift */; };
		BB0A55EC2524C211006E21E9 /* Main.storyboard in Resources */ = {isa = PBXBuildFile; fileRef = BB0A55EA2524C211006E21E9 /* Main.storyboard */; };
		BB0A55EE2524C212006E21E9 /* Assets.xcassets in Resources */ = {isa = PBXBuildFile; fileRef = BB0A55ED2524C212006E21E9 /* Assets.xcassets */; };
		BB0A55F12524C212006E21E9 /* LaunchScreen.storyboard in Resources */ = {isa = PBXBuildFile; fileRef = BB0A55EF2524C212006E21E9 /* LaunchScreen.storyboard */; };
		BB0A55F92524C31D006E21E9 /* CarCollectionViewCell.swift in Sources */ = {isa = PBXBuildFile; fileRef = BB0A55F82524C31D006E21E9 /* CarCollectionViewCell.swift */; };
		BBB651592524D0B700A87786 /* Car.swift in Sources */ = {isa = PBXBuildFile; fileRef = BBB651582524D0B700A87786 /* Car.swift */; };
		BBEF9C2C2524C610007EB610 /* carro1.png in Resources */ = {isa = PBXBuildFile; fileRef = BBEF9C282524C60F007EB610 /* carro1.png */; };
		BBEF9C2D2524C610007EB610 /* carro3.png in Resources */ = {isa = PBXBuildFile; fileRef = BBEF9C292524C60F007EB610 /* carro3.png */; };
		BBEF9C2E2524C610007EB610 /* carro2.png in Resources */ = {isa = PBXBuildFile; fileRef = BBEF9C2A2524C60F007EB610 /* carro2.png */; };
		BBEF9C2F2524C610007EB610 /* carro4.png in Resources */ = {isa = PBXBuildFile; fileRef = BBEF9C2B2524C60F007EB610 /* carro4.png */; };
/* End PBXBuildFile section */

/* Begin PBXFileReference section */
		BB0A55E32524C211006E21E9 /* collectionviewexercise.app */ = {isa = PBXFileReference; explicitFileType = wrapper.application; includeInIndex = 0; path = collectionviewexercise.app; sourceTree = BUILT_PRODUCTS_DIR; };
		BB0A55E62524C211006E21E9 /* AppDelegate.swift */ = {isa = PBXFileReference; lastKnownFileType = sourcecode.swift; path = AppDelegate.swift; sourceTree = "<group>"; };
		BB0A55E82524C211006E21E9 /* ViewController.swift */ = {isa = PBXFileReference; lastKnownFileType = sourcecode.swift; path = ViewController.swift; sourceTree = "<group>"; };
		BB0A55EB2524C211006E21E9 /* Base */ = {isa = PBXFileReference; lastKnownFileType = file.storyboard; name = Base; path = Base.lproj/Main.storyboard; sourceTree = "<group>"; };
		BB0A55ED2524C212006E21E9 /* Assets.xcassets */ = {isa = PBXFileReference; lastKnownFileType = folder.assetcatalog; path = Assets.xcassets; sourceTree = "<group>"; };
		BB0A55F02524C212006E21E9 /* Base */ = {isa = PBXFileReference; lastKnownFileType = file.storyboard; name = Base; path = Base.lproj/LaunchScreen.storyboard; sourceTree = "<group>"; };
		BB0A55F22524C212006E21E9 /* Info.plist */ = {isa = PBXFileReference; lastKnownFileType = text.plist.xml; path = Info.plist; sourceTree = "<group>"; };
		BB0A55F82524C31D006E21E9 /* CarCollectionViewCell.swift */ = {isa = PBXFileReference; lastKnownFileType = sourcecode.swift; path = CarCollectionViewCell.swift; sourceTree = "<group>"; };
		BBB651582524D0B700A87786 /* Car.swift */ = {isa = PBXFileReference; lastKnownFileType = sourcecode.swift; path = Car.swift; sourceTree = "<group>"; };
		BBEF9C282524C60F007EB610 /* carro1.png */ = {isa = PBXFileReference; lastKnownFileType = image.png; path = carro1.png; sourceTree = "<group>"; };
		BBEF9C292524C60F007EB610 /* carro3.png */ = {isa = PBXFileReference; lastKnownFileType = image.png; path = carro3.png; sourceTree = "<group>"; };
		BBEF9C2A2524C60F007EB610 /* carro2.png */ = {isa = PBXFileReference; lastKnownFileType = image.png; path = carro2.png; sourceTree = "<group>"; };
		BBEF9C2B2524C60F007EB610 /* carro4.png */ = {isa = PBXFileReference; lastKnownFileType = image.png; path = carro4.png; sourceTree = "<group>"; };
/* End PBXFileReference section */

/* Begin PBXFrameworksBuildPhase section */
		BB0A55E02524C211006E21E9 /* Frameworks */ = {
			isa = PBXFrameworksBuildPhase;
			buildActionMask = 2147483647;
			files = (
			);
			runOnlyForDeploymentPostprocessing = 0;
		};
/* End PBXFrameworksBuildPhase section */

/* Begin PBXGroup section */
		BB0A55DA2524C211006E21E9 = {
			isa = PBXGroup;
			children = (
				BB0A55E52524C211006E21E9 /* collectionviewexercise */,
				BB0A55E42524C211006E21E9 /* Products */,
			);
			sourceTree = "<group>";
		};
		BB0A55E42524C211006E21E9 /* Products */ = {
			isa = PBXGroup;
			children = (
				BB0A55E32524C211006E21E9 /* collectionviewexercise.app */,
			);
			name = Products;
			sourceTree = "<group>";
		};
		BB0A55E52524C211006E21E9 /* collectionviewexercise */ = {
			isa = PBXGroup;
			children = (
				BB0A55E62524C211006E21E9 /* AppDelegate.swift */,
				BB0A55E82524C211006E21E9 /* ViewController.swift */,
				BBB651582524D0B700A87786 /* Car.swift */,
				BB0A55EA2524C211006E21E9 /* Main.storyboard */,
				BB0A55F82524C31D006E21E9 /* CarCollectionViewCell.swift */,
				BB0A55ED2524C212006E21E9 /* Assets.xcassets */,
				BBEF9C282524C60F007EB610 /* carro1.png */,
				BBEF9C2A2524C60F007EB610 /* carro2.png */,
				BBEF9C292524C60F007EB610 /* carro3.png */,
				BBEF9C2B2524C60F007EB610 /* carro4.png */,
				BB0A55EF2524C212006E21E9 /* LaunchScreen.storyboard */,
				BB0A55F22524C212006E21E9 /* Info.plist */,
			);
			path = collectionviewexercise;
			sourceTree = "<group>";
		};
/* End PBXGroup section */

/* Begin PBXNativeTarget section */
		BB0A55E22524C211006E21E9 /* collectionviewexercise */ = {
			isa = PBXNativeTarget;
			buildConfigurationList = BB0A55F52524C212006E21E9 /* Build configuration list for PBXNativeTarget "collectionviewexercise" */;
			buildPhases = (
				BB0A55DF2524C211006E21E9 /* Sources */,
				BB0A55E02524C211006E21E9 /* Frameworks */,
				BB0A55E12524C211006E21E9 /* Resources */,
			);
			buildRules = (
			);
			dependencies = (
			);
			name = collectionviewexercise;
			productName = collectionviewexercise;
			productReference = BB0A55E32524C211006E21E9 /* collectionviewexercise.app */;
			productType = "com.apple.product-type.application";
		};
/* End PBXNativeTarget section */

/* Begin PBXProject section */
		BB0A55DB2524C211006E21E9 /* Project object */ = {
			isa = PBXProject;
			attributes = {
				LastSwiftUpdateCheck = 1000;
				LastUpgradeCheck = 1000;
				ORGANIZATIONNAME = "Paola Pagotto";
				TargetAttributes = {
					BB0A55E22524C211006E21E9 = {
						CreatedOnToolsVersion = 10.0;
					};
				};
			};
			buildConfigurationList = BB0A55DE2524C211006E21E9 /* Build configuration list for PBXProject "collectionviewexercise" */;
			compatibilityVersion = "Xcode 9.3";
			developmentRegion = en;
			hasScannedForEncodings = 0;
			knownRegions = (
				en,
				Base,
			);
			mainGroup = BB0A55DA2524C211006E21E9;
			productRefGroup = BB0A55E42524C211006E21E9 /* Products */;
			projectDirPath = "";
			projectRoot = "";
			targets = (
				BB0A55E22524C211006E21E9 /* collectionviewexercise */,
			);
		};
/* End PBXProject section */

/* Begin PBXResourcesBuildPhase section */
		BB0A55E12524C211006E21E9 /* Resources */ = {
			isa = PBXResourcesBuildPhase;
			buildActionMask = 2147483647;
			files = (
				BB0A55F12524C212006E21E9 /* LaunchScreen.storyboard in Resources */,
				BBEF9C2F2524C610007EB610 /* carro4.png in Resources */,
				BBEF9C2C2524C610007EB610 /* carro1.png in Resources */,
				BBEF9C2E2524C610007EB610 /* carro2.png in Resources */,
				BB0A55EE2524C212006E21E9 /* Assets.xcassets in Resources */,
				BBEF9C2D2524C610007EB610 /* carro3.png in Resources */,
				BB0A55EC2524C211006E21E9 /* Main.storyboard in Resources */,
			);
			runOnlyForDeploymentPostprocessing = 0;
		};
/* End PBXResourcesBuildPhase section */

/* Begin PBXSourcesBuildPhase section */
		BB0A55DF2524C211006E21E9 /* Sources */ = {
			isa = PBXSourcesBuildPhase;
			buildActionMask = 2147483647;
			files = (
				BB0A55E92524C211006E21E9 /* ViewController.swift in Sources */,
				BB0A55F92524C31D006E21E9 /* CarCollectionViewCell.swift in Sources */,
				BBB651592524D0B700A87786 /* Car.swift in Sources */,
				BB0A55E72524C211006E21E9 /* AppDelegate.swift in Sources */,
			);
			runOnlyForDeploymentPostprocessing = 0;
		};
/* End PBXSourcesBuildPhase section */

/* Begin PBXVariantGroup section */
		BB0A55EA2524C211006E21E9 /* Main.storyboard */ = {
			isa = PBXVariantGroup;
			children = (
				BB0A55EB2524C211006E21E9 /* Base */,
			);
			name = Main.storyboard;
			sourceTree = "<group>";
		};
		BB0A55EF2524C212006E21E9 /* LaunchScreen.storyboard */ = {
			isa = PBXVariantGroup;
			children = (
				BB0A55F02524C212006E21E9 /* Base */,
			);
			name = LaunchScreen.storyboard;
			sourceTree = "<group>";
		};
/* End PBXVariantGroup section */

/* Begin XCBuildConfiguration section */
		BB0A55F32524C212006E21E9 /* Debug */ = {
			isa = XCBuildConfiguration;
			buildSettings = {
				ALWAYS_SEARCH_USER_PATHS = NO;
				CLANG_ANALYZER_NONNULL = YES;
				CLANG_ANALYZER_NUMBER_OBJECT_CONVERSION = YES_AGGRESSIVE;
				CLANG_CXX_LANGUAGE_STANDARD = "gnu++14";
				CLANG_CXX_LIBRARY = "libc++";
				CLANG_ENABLE_MODULES = YES;
				CLANG_ENABLE_OBJC_ARC = YES;
				CLANG_ENABLE_OBJC_WEAK = YES;
				CLANG_WARN_BLOCK_CAPTURE_AUTORELEASING = YES;
				CLANG_WARN_BOOL_CONVERSION = YES;
				CLANG_WARN_COMMA = YES;
				CLANG_WARN_CONSTANT_CONVERSION = YES;
				CLANG_WARN_DEPRECATED_OBJC_IMPLEMENTATIONS = YES;
				CLANG_WARN_DIRECT_OBJC_ISA_USAGE = YES_ERROR;
				CLANG_WARN_DOCUMENTATION_COMMENTS = YES;
				CLANG_WARN_EMPTY_BODY = YES;
				CLANG_WARN_ENUM_CONVERSION = YES;
				CLANG_WARN_INFINITE_RECURSION = YES;
				CLANG_WARN_INT_CONVERSION = YES;
				CLANG_WARN_NON_LITERAL_NULL_CONVERSION = YES;
				CLANG_WARN_OBJC_IMPLICIT_RETAIN_SELF = YES;
				CLANG_WARN_OBJC_LITERAL_CONVERSION = YES;
				CLANG_WARN_OBJC_ROOT_CLASS = YES_ERROR;
				CLANG_WARN_RANGE_LOOP_ANALYSIS = YES;
				CLANG_WARN_STRICT_PROTOTYPES = YES;
				CLANG_WARN_SUSPICIOUS_MOVE = YES;
				CLANG_WARN_UNGUARDED_AVAILABILITY = YES_AGGRESSIVE;
				CLANG_WARN_UNREACHABLE_CODE = YES;
				CLANG_WARN__DUPLICATE_METHOD_MATCH = YES;
				CODE_SIGN_IDENTITY = "iPhone Developer";
				COPY_PHASE_STRIP = NO;
				DEBUG_INFORMATION_FORMAT = dwarf;
				ENABLE_STRICT_OBJC_MSGSEND = YES;
				ENABLE_TESTABILITY = YES;
				GCC_C_LANGUAGE_STANDARD = gnu11;
				GCC_DYNAMIC_NO_PIC = NO;
				GCC_NO_COMMON_BLOCKS = YES;
				GCC_OPTIMIZATION_LEVEL = 0;
				GCC_PREPROCESSOR_DEFINITIONS = (
					"DEBUG=1",
					"$(inherited)",
				);
				GCC_WARN_64_TO_32_BIT_CONVERSION = YES;
				GCC_WARN_ABOUT_RETURN_TYPE = YES_ERROR;
				GCC_WARN_UNDECLARED_SELECTOR = YES;
				GCC_WARN_UNINITIALIZED_AUTOS = YES_AGGRESSIVE;
				GCC_WARN_UNUSED_FUNCTION = YES;
				GCC_WARN_UNUSED_VARIABLE = YES;
				IPHONEOS_DEPLOYMENT_TARGET = 12.0;
				MTL_ENABLE_DEBUG_INFO = INCLUDE_SOURCE;
				MTL_FAST_MATH = YES;
				ONLY_ACTIVE_ARCH = YES;
				SDKROOT = iphoneos;
				SWIFT_ACTIVE_COMPILATION_CONDITIONS = DEBUG;
				SWIFT_OPTIMIZATION_LEVEL = "-Onone";
			};
			name = Debug;
		};
		BB0A55F42524C212006E21E9 /* Release */ = {
			isa = XCBuildConfiguration;
			buildSettings = {
				ALWAYS_SEARCH_USER_PATHS = NO;
				CLANG_ANALYZER_NONNULL = YES;
				CLANG_ANALYZER_NUMBER_OBJECT_CONVERSION = YES_AGGRESSIVE;
				CLANG_CXX_LANGUAGE_STANDARD = "gnu++14";
				CLANG_CXX_LIBRARY = "libc++";
				CLANG_ENABLE_MODULES = YES;
				CLANG_ENABLE_OBJC_ARC = YES;
				CLANG_ENABLE_OBJC_WEAK = YES;
				CLANG_WARN_BLOCK_CAPTURE_AUTORELEASING = YES;
				CLANG_WARN_BOOL_CONVERSION = YES;
				CLANG_WARN_COMMA = YES;
				CLANG_WARN_CONSTANT_CONVERSION = YES;
				CLANG_WARN_DEPRECATED_OBJC_IMPLEMENTATIONS = YES;
				CLANG_WARN_DIRECT_OBJC_ISA_USAGE = YES_ERROR;
				CLANG_WARN_DOCUMENTATION_COMMENTS = YES;
				CLANG_WARN_EMPTY_BODY = YES;
				CLANG_WARN_ENUM_CONVERSION = YES;
				CLANG_WARN_INFINITE_RECURSION = YES;
				CLANG_WARN_INT_CONVERSION = YES;
				CLANG_WARN_NON_LITERAL_NULL_CONVERSION = YES;
				CLANG_WARN_OBJC_IMPLICIT_RETAIN_SELF = YES;
				CLANG_WARN_OBJC_LITERAL_CONVERSION = YES;
				CLANG_WARN_OBJC_ROOT_CLASS = YES_ERROR;
				CLANG_WARN_RANGE_LOOP_ANALYSIS = YES;
				CLANG_WARN_STRICT_PROTOTYPES = YES;
				CLANG_WARN_SUSPICIOUS_MOVE = YES;
				CLANG_WARN_UNGUARDED_AVAILABILITY = YES_AGGRESSIVE;
				CLANG_WARN_UNREACHABLE_CODE = YES;
				CLANG_WARN__DUPLICATE_METHOD_MATCH = YES;
				CODE_SIGN_IDENTITY = "iPhone Developer";
				COPY_PHASE_STRIP = NO;
				DEBUG_INFORMATION_FORMAT = "dwarf-with-dsym";
				ENABLE_NS_ASSERTIONS = NO;
				ENABLE_STRICT_OBJC_MSGSEND = YES;
				GCC_C_LANGUAGE_STANDARD = gnu11;
				GCC_NO_COMMON_BLOCKS = YES;
				GCC_WARN_64_TO_32_BIT_CONVERSION = YES;
				GCC_WARN_ABOUT_RETURN_TYPE = YES_ERROR;
				GCC_WARN_UNDECLARED_SELECTOR = YES;
				GCC_WARN_UNINITIALIZED_AUTOS = YES_AGGRESSIVE;
				GCC_WARN_UNUSED_FUNCTION = YES;
				GCC_WARN_UNUSED_VARIABLE = YES;
				IPHONEOS_DEPLOYMENT_TARGET = 12.0;
				MTL_ENABLE_DEBUG_INFO = NO;
				MTL_FAST_MATH = YES;
				SDKROOT = iphoneos;
				SWIFT_COMPILATION_MODE = wholemodule;
				SWIFT_OPTIMIZATION_LEVEL = "-O";
				VALIDATE_PRODUCT = YES;
			};
			name = Release;
		};
		BB0A55F62524C212006E21E9 /* Debug */ = {
			isa = XCBuildConfiguration;
			buildSettings = {
				ASSETCATALOG_COMPILER_APPICON_NAME = AppIcon;
				CODE_SIGN_STYLE = Automatic;
				DEVELOPMENT_TEAM = 7YZ5M2YT9Z;
				INFOPLIST_FILE = collectionviewexercise/Info.plist;
				LD_RUNPATH_SEARCH_PATHS = (
					"$(inherited)",
					"@executable_path/Frameworks",
				);
				PRODUCT_BUNDLE_IDENTIFIER = com.pp.collectionviewexercise;
				PRODUCT_NAME = "$(TARGET_NAME)";
				SWIFT_VERSION = 4.2;
				TARGETED_DEVICE_FAMILY = "1,2";
			};
			name = Debug;
		};
		BB0A55F72524C212006E21E9 /* Release */ = {
			isa = XCBuildConfiguration;
			buildSettings = {
				ASSETCATALOG_COMPILER_APPICON_NAME = AppIcon;
				CODE_SIGN_STYLE = Automatic;
				DEVELOPMENT_TEAM = 7YZ5M2YT9Z;
				INFOPLIST_FILE = collectionviewexercise/Info.plist;
				LD_RUNPATH_SEARCH_PATHS = (
					"$(inherited)",
					"@executable_path/Frameworks",
				);
				PRODUCT_BUNDLE_IDENTIFIER = com.pp.collectionviewexercise;
				PRODUCT_NAME = "$(TARGET_NAME)";
				SWIFT_VERSION = 4.2;
				TARGETED_DEVICE_FAMILY = "1,2";
			};
			name = Release;
		};
/* End XCBuildConfiguration section */

/* Begin XCConfigurationList section */
		BB0A55DE2524C211006E21E9 /* Build configuration list for PBXProject "collectionviewexercise" */ = {
			isa = XCConfigurationList;
			buildConfigurations = (
				BB0A55F32524C212006E21E9 /* Debug */,
				BB0A55F42524C212006E21E9 /* Release */,
			);
			defaultConfigurationIsVisible = 0;
			defaultConfigurationName = Release;
		};
		BB0A55F52524C212006E21E9 /* Build configuration list for PBXNativeTarget "collectionviewexercise" */ = {
			isa = XCConfigurationList;
			buildConfigurations = (
				BB0A55F62524C212006E21E9 /* Debug */,
				BB0A55F72524C212006E21E9 /* Release */,
			);
			defaultConfigurationIsVisible = 0;
			defaultConfigurationName = Release;
		};
/* End XCConfigurationList section */
	};
	rootObject = BB0A55DB2524C211006E21E9 /* Project object */;
}
